
Microsoft Visual Studio Solution File, Format Version 12.00
Project("{FAE04EC0-301F-11D3-BF4B-00C04F79EFBC}") = "BBIT_Test_Exercises", "BBIT_Test_Exercises\BBIT_Test_Exercises.csproj", "{D455A9BC-D143-47B8-91D7-9D05C1A49E01}"
EndProject
Global
	GlobalSection(SolutionConfigurationPlatforms) = preSolution
		Debug|Any CPU = Debug|Any CPU
		Release|Any CPU = Release|Any CPU
	EndGlobalSection
	GlobalSection(ProjectConfigurationPlatforms) = postSolution
		{D455A9BC-D143-47B8-91D7-9D05C1A49E01}.Debug|Any CPU.ActiveCfg = Debug|Any CPU
		{D455A9BC-D143-47B8-91D7-9D05C1A49E01}.Debug|Any CPU.Build.0 = Debug|Any CPU
		{D455A9BC-D143-47B8-91D7-9D05C1A49E01}.Release|Any CPU.ActiveCfg = Release|Any CPU
		{D455A9BC-D143-47B8-91D7-9D05C1A49E01}.Release|Any CPU.Build.0 = Release|Any CPU
	EndGlobalSection
EndGlobal
